
Microsoft Visual Studio Solution File, Format Version 12.00
# Visual Studio Version 17
VisualStudioVersion = 17.4.33213.308
MinimumVisualStudioVersion = 10.0.40219.1
Project("{FAE04EC0-301F-11D3-BF4B-00C04F79EFBC}") = "HashingHelper", "HashingHelper\HashingHelper.csproj", "{C9D81FEB-A04F-49F1-B0C3-CE36D237644B}"
EndProject
Global
	GlobalSection(SolutionConfigurationPlatforms) = preSolution
		Debug|Any CPU = Debug|Any CPU
		Release|Any CPU = Release|Any CPU
	EndGlobalSection
	GlobalSection(ProjectConfigurationPlatforms) = postSolution
		{C9D81FEB-A04F-49F1-B0C3-CE36D237644B}.Debug|Any CPU.ActiveCfg = Debug|Any CPU
		{C9D81FEB-A04F-49F1-B0C3-CE36D237644B}.Debug|Any CPU.Build.0 = Debug|Any CPU
		{C9D81FEB-A04F-49F1-B0C3-CE36D237644B}.Release|Any CPU.ActiveCfg = Release|Any CPU
		{C9D81FEB-A04F-49F1-B0C3-CE36D237644B}.Release|Any CPU.Build.0 = Release|Any CPU
	EndGlobalSection
	GlobalSection(SolutionProperties) = preSolution
		HideSolutionNode = FALSE
	EndGlobalSection
	GlobalSection(ExtensibilityGlobals) = postSolution
		SolutionGuid = {267EFEE4-4F8B-45B1-B3CE-783412023CC7}
	EndGlobalSection
EndGlobal
